
Microsoft Visual Studio Solution File, Format Version 12.00
# Visual Studio Version 16
VisualStudioVersion = 16.0.30611.23
MinimumVisualStudioVersion = 10.0.40219.1
Project("{9A19103F-16F7-4668-BE54-9A1E7A4F7556}") = "Wlan10", "Wlan10\Wlan10.csproj", "{B2213BF4-E988-475F-9B63-5238FA0ADF36}"
EndProject
Project("{9A19103F-16F7-4668-BE54-9A1E7A4F7556}") = "Wlan10.Tests", "Wlan10.Tests\Wlan10.Tests.csproj", "{84AF423A-6513-4E7B-8E43-8EF8218D0413}"
EndProject
Project("{C7167F0D-BC9F-4E6E-AFE1-012C56B48DB5}") = "Wlan10.Package", "Wlan10.Package\Wlan10.Package.wapproj", "{48262B5B-D3E1-4A35-BCFB-4D0FC7A46F01}"
EndProject
Global
	GlobalSection(SolutionConfigurationPlatforms) = preSolution
		Debug|Any CPU = Debug|Any CPU
		Debug|ARM = Debug|ARM
		Debug|ARM64 = Debug|ARM64
		Debug|x64 = Debug|x64
		Debug|x86 = Debug|x86
		Release|Any CPU = Release|Any CPU
		Release|ARM = Release|ARM
		Release|ARM64 = Release|ARM64
		Release|x64 = Release|x64
		Release|x86 = Release|x86
	EndGlobalSection
	GlobalSection(ProjectConfigurationPlatforms) = postSolution
		{B2213BF4-E988-475F-9B63-5238FA0ADF36}.Debug|Any CPU.ActiveCfg = Debug|Any CPU
		{B2213BF4-E988-475F-9B63-5238FA0ADF36}.Debug|Any CPU.Build.0 = Debug|Any CPU
		{B2213BF4-E988-475F-9B63-5238FA0ADF36}.Debug|ARM.ActiveCfg = Debug|Any CPU
		{B2213BF4-E988-475F-9B63-5238FA0ADF36}.Debug|ARM.Build.0 = Debug|Any CPU
		{B2213BF4-E988-475F-9B63-5238FA0ADF36}.Debug|ARM64.ActiveCfg = Debug|Any CPU
		{B2213BF4-E988-475F-9B63-5238FA0ADF36}.Debug|ARM64.Build.0 = Debug|Any CPU
		{B2213BF4-E988-475F-9B63-5238FA0ADF36}.Debug|x64.ActiveCfg = Debug|Any CPU
		{B2213BF4-E988-475F-9B63-5238FA0ADF36}.Debug|x64.Build.0 = Debug|Any CPU
		{B2213BF4-E988-475F-9B63-5238FA0ADF36}.Debug|x86.ActiveCfg = Debug|Any CPU
		{B2213BF4-E988-475F-9B63-5238FA0ADF36}.Debug|x86.Build.0 = Debug|Any CPU
		{B2213BF4-E988-475F-9B63-5238FA0ADF36}.Release|Any CPU.ActiveCfg = Release|Any CPU
		{B2213BF4-E988-475F-9B63-5238FA0ADF36}.Release|Any CPU.Build.0 = Release|Any CPU
		{B2213BF4-E988-475F-9B63-5238FA0ADF36}.Release|ARM.ActiveCfg = Release|Any CPU
		{B2213BF4-E988-475F-9B63-5238FA0ADF36}.Release|ARM.Build.0 = Release|Any CPU
		{B2213BF4-E988-475F-9B63-5238FA0ADF36}.Release|ARM64.ActiveCfg = Release|Any CPU
		{B2213BF4-E988-475F-9B63-5238FA0ADF36}.Release|ARM64.Build.0 = Release|Any CPU
		{B2213BF4-E988-475F-9B63-5238FA0ADF36}.Release|x64.ActiveCfg = Release|Any CPU
		{B2213BF4-E988-475F-9B63-5238FA0ADF36}.Release|x64.Build.0 = Release|Any CPU
		{B2213BF4-E988-475F-9B63-5238FA0ADF36}.Release|x86.ActiveCfg = Release|Any CPU
		{B2213BF4-E988-475F-9B63-5238FA0ADF36}.Release|x86.Build.0 = Release|Any CPU
		{84AF423A-6513-4E7B-8E43-8EF8218D0413}.Debug|Any CPU.ActiveCfg = Debug|Any CPU
		{84AF423A-6513-4E7B-8E43-8EF8218D0413}.Debug|Any CPU.Build.0 = Debug|Any CPU
		{84AF423A-6513-4E7B-8E43-8EF8218D0413}.Debug|ARM.ActiveCfg = Debug|Any CPU
		{84AF423A-6513-4E7B-8E43-8EF8218D0413}.Debug|ARM.Build.0 = Debug|Any CPU
		{84AF423A-6513-4E7B-8E43-8EF8218D0413}.Debug|ARM64.ActiveCfg = Debug|Any CPU
		{84AF423A-6513-4E7B-8E43-8EF8218D0413}.Debug|ARM64.Build.0 = Debug|Any CPU
		{84AF423A-6513-4E7B-8E43-8EF8218D0413}.Debug|x64.ActiveCfg = Debug|Any CPU
		{84AF423A-6513-4E7B-8E43-8EF8218D0413}.Debug|x64.Build.0 = Debug|Any CPU
		{84AF423A-6513-4E7B-8E43-8EF8218D0413}.Debug|x86.ActiveCfg = Debug|Any CPU
		{84AF423A-6513-4E7B-8E43-8EF8218D0413}.Debug|x86.Build.0 = Debug|Any CPU
		{84AF423A-6513-4E7B-8E43-8EF8218D0413}.Release|Any CPU.ActiveCfg = Release|Any CPU
		{84AF423A-6513-4E7B-8E43-8EF8218D0413}.Release|Any CPU.Build.0 = Release|Any CPU
		{84AF423A-6513-4E7B-8E43-8EF8218D0413}.Release|ARM.ActiveCfg = Release|Any CPU
		{84AF423A-6513-4E7B-8E43-8EF8218D0413}.Release|ARM.Build.0 = Release|Any CPU
		{84AF423A-6513-4E7B-8E43-8EF8218D0413}.Release|ARM64.ActiveCfg = Release|Any CPU
		{84AF423A-6513-4E7B-8E43-8EF8218D0413}.Release|ARM64.Build.0 = Release|Any CPU
		{84AF423A-6513-4E7B-8E43-8EF8218D0413}.Release|x64.ActiveCfg = Release|Any CPU
		{84AF423A-6513-4E7B-8E43-8EF8218D0413}.Release|x64.Build.0 = Release|Any CPU
		{84AF423A-6513-4E7B-8E43-8EF8218D0413}.Release|x86.ActiveCfg = Release|Any CPU
		{84AF423A-6513-4E7B-8E43-8EF8218D0413}.Release|x86.Build.0 = Release|Any CPU
		{48262B5B-D3E1-4A35-BCFB-4D0FC7A46F01}.Debug|Any CPU.ActiveCfg = Debug|Any CPU
		{48262B5B-D3E1-4A35-BCFB-4D0FC7A46F01}.Debug|Any CPU.Build.0 = Debug|Any CPU
		{48262B5B-D3E1-4A35-BCFB-4D0FC7A46F01}.Debug|Any CPU.Deploy.0 = Debug|Any CPU
		{48262B5B-D3E1-4A35-BCFB-4D0FC7A46F01}.Debug|ARM.ActiveCfg = Debug|ARM
		{48262B5B-D3E1-4A35-BCFB-4D0FC7A46F01}.Debug|ARM.Build.0 = Debug|ARM
		{48262B5B-D3E1-4A35-BCFB-4D0FC7A46F01}.Debug|ARM.Deploy.0 = Debug|ARM
		{48262B5B-D3E1-4A35-BCFB-4D0FC7A46F01}.Debug|ARM64.ActiveCfg = Debug|ARM64
		{48262B5B-D3E1-4A35-BCFB-4D0FC7A46F01}.Debug|ARM64.Build.0 = Debug|ARM64
		{48262B5B-D3E1-4A35-BCFB-4D0FC7A46F01}.Debug|ARM64.Deploy.0 = Debug|ARM64
		{48262B5B-D3E1-4A35-BCFB-4D0FC7A46F01}.Debug|x64.ActiveCfg = Debug|x64
		{48262B5B-D3E1-4A35-BCFB-4D0FC7A46F01}.Debug|x64.Build.0 = Debug|x64
		{48262B5B-D3E1-4A35-BCFB-4D0FC7A46F01}.Debug|x64.Deploy.0 = Debug|x64
		{48262B5B-D3E1-4A35-BCFB-4D0FC7A46F01}.Debug|x86.ActiveCfg = Debug|x86
		{48262B5B-D3E1-4A35-BCFB-4D0FC7A46F01}.Debug|x86.Build.0 = Debug|x86
		{48262B5B-D3E1-4A35-BCFB-4D0FC7A46F01}.Debug|x86.Deploy.0 = Debug|x86
		{48262B5B-D3E1-4A35-BCFB-4D0FC7A46F01}.Release|Any CPU.ActiveCfg = Release|Any CPU
		{48262B5B-D3E1-4A35-BCFB-4D0FC7A46F01}.Release|Any CPU.Build.0 = Release|Any CPU
		{48262B5B-D3E1-4A35-BCFB-4D0FC7A46F01}.Release|Any CPU.Deploy.0 = Release|Any CPU
		{48262B5B-D3E1-4A35-BCFB-4D0FC7A46F01}.Release|ARM.ActiveCfg = Release|ARM
		{48262B5B-D3E1-4A35-BCFB-4D0FC7A46F01}.Release|ARM.Build.0 = Release|ARM
		{48262B5B-D3E1-4A35-BCFB-4D0FC7A46F01}.Release|ARM.Deploy.0 = Release|ARM
		{48262B5B-D3E1-4A35-BCFB-4D0FC7A46F01}.Release|ARM64.ActiveCfg = Release|ARM64
		{48262B5B-D3E1-4A35-BCFB-4D0FC7A46F01}.Release|ARM64.Build.0 = Release|ARM64
		{48262B5B-D3E1-4A35-BCFB-4D0FC7A46F01}.Release|ARM64.Deploy.0 = Release|ARM64
		{48262B5B-D3E1-4A35-BCFB-4D0FC7A46F01}.Release|x64.ActiveCfg = Release|x64
		{48262B5B-D3E1-4A35-BCFB-4D0FC7A46F01}.Release|x64.Build.0 = Release|x64
		{48262B5B-D3E1-4A35-BCFB-4D0FC7A46F01}.Release|x64.Deploy.0 = Release|x64
		{48262B5B-D3E1-4A35-BCFB-4D0FC7A46F01}.Release|x86.ActiveCfg = Release|x86
		{48262B5B-D3E1-4A35-BCFB-4D0FC7A46F01}.Release|x86.Build.0 = Release|x86
		{48262B5B-D3E1-4A35-BCFB-4D0FC7A46F01}.Release|x86.Deploy.0 = Release|x86
	EndGlobalSection
	GlobalSection(SolutionProperties) = preSolution
		HideSolutionNode = FALSE
	EndGlobalSection
	GlobalSection(ExtensibilityGlobals) = postSolution
		SolutionGuid = {408E491A-DC6B-4097-8C57-C6CE59CF1129}
	EndGlobalSection
EndGlobal
